{
  "name": "ReBuySite",
  "version": "1.0.0",
  "lockfileVersion": 1,
  "requires": true,
  "dependencies": {
    "react-pure-render": {
      "version": "1.0.2",
      "resolved": "https://registry.npmjs.org/react-pure-render/-/react-pure-render-1.0.2.tgz",
      "integrity": "sha1-nYqSjH8sN1E8LQZOV7Pjw1bp+rs="
    }
  }
}
