{
  "name": "ReBuySite",
  "version": "1.0.0",
  "lockfileVersion": 1,
  "requires": true,
  "dependencies": {
    "@paypal/sdk-constants": {
      "version": "1.0.103",
      "resolved": "https://registry.npmjs.org/@paypal/sdk-constants/-/sdk-constants-1.0.103.tgz",
      "integrity": "sha512-ro7H6pzwn6VrI6r8rQHL7QxzxSaQFybHe2QYA2vRrXYf9mkrbg7J9PKuUKBU5Ezm/ykSpVsPkwROVt2GkIzNVg==",
      "requires": {
        "cross-domain-utils": "^2.0.10",
        "hi-base32": "^0.5.0",
        "zalgo-promise": "^1.0.28"
      }
    },
    "Base64": {
      "version": "1.1.0",
      "resolved": "https://registry.npmjs.org/Base64/-/Base64-1.1.0.tgz",
      "integrity": "sha512-qeacf8dvGpf+XAT27ESHMh7z84uRzj/ua2pQdJg483m3bEXv/kVFtDnMgvf70BQGqzbZhR9t6BmASzKvqfJf3Q=="
    },
    "beaver-logger": {
      "version": "3.0.19",
      "resolved": "https://registry.npmjs.org/beaver-logger/-/beaver-logger-3.0.19.tgz",
      "integrity": "sha512-hfBwPUD8PeE6mFSTtWAYd/wI8AzaoeRGNIpWGZWJGZBLyl7Fb7n6PL33JujUzWKWDsIi9V3HoppqIyM/CeeSnw==",
      "requires": {
        "zalgo-promise": "^1.0.26"
      }
    },
    "belter": {
      "version": "1.0.169",
      "resolved": "https://registry.npmjs.org/belter/-/belter-1.0.169.tgz",
      "integrity": "sha512-v/Y09QPlUUhnYopxPHZOpGSfrXjq3VJ8VM4wbOb7wyMRYpR94aQBDw5UnT67xmiotl8whN5QbIMRxR0QmCxlOg==",
      "requires": {
        "cross-domain-safe-weakmap": "^1",
        "cross-domain-utils": "^2",
        "zalgo-promise": "^1"
      }
    },
    "bowser": {
      "version": "1.9.4",
      "resolved": "https://registry.npmjs.org/bowser/-/bowser-1.9.4.tgz",
      "integrity": "sha512-9IdMmj2KjigRq6oWhmwv1W36pDuA4STQZ8q6YO9um+x07xgYNCD3Oou+WP/3L1HNz7iqythGet3/p4wvc8AAwQ=="
    },
    "cross-domain-safe-weakmap": {
      "version": "1.0.28",
      "resolved": "https://registry.npmjs.org/cross-domain-safe-weakmap/-/cross-domain-safe-weakmap-1.0.28.tgz",
      "integrity": "sha512-gfQiQYSdWr9cYFVpmzp+b6MyTnefefDHr+fvm+JVv20hQxetV5J6chZOAusrpM/kFpTTbVDnHCziBFaREvgc0Q==",
      "requires": {
        "cross-domain-utils": "^2.0.0"
      }
    },
    "cross-domain-utils": {
      "version": "2.0.34",
      "resolved": "https://registry.npmjs.org/cross-domain-utils/-/cross-domain-utils-2.0.34.tgz",
      "integrity": "sha512-ke4PirGRXwEElEmE/7k5aCvCW+EqbgseT7AOObzFfaVnOLuEVN9SjVWoOfS/qAT0rDPn3ggmNDW6mguMBy4HgA==",
      "requires": {
        "zalgo-promise": "^1.0.11"
      }
    },
    "cross-env": {
      "version": "7.0.3",
      "resolved": "https://registry.npmjs.org/cross-env/-/cross-env-7.0.3.tgz",
      "integrity": "sha512-+/HKd6EgcQCJGh2PSjZuUitQBQynKor4wrFbRg4DtAgS1aWO+gU52xpH7M9ScGgXSYmAVS9bIJ8EzuaGw0oNAw==",
      "dev": true,
      "requires": {
        "cross-spawn": "^7.0.1"
      }
    },
    "cross-spawn": {
      "version": "7.0.3",
      "resolved": "https://registry.npmjs.org/cross-spawn/-/cross-spawn-7.0.3.tgz",
      "integrity": "sha512-iRDPJKUPVEND7dHPO8rkbOnPpyDygcDFtWjpeWNCgy8WP2rXcxXL8TskReQl6OrB2G7+UJrags1q15Fudc7G6w==",
      "dev": true,
      "requires": {
        "path-key": "^3.1.0",
        "shebang-command": "^2.0.0",
        "which": "^2.0.1"
      }
    },
    "form-serialize": {
      "version": "0.7.2",
      "resolved": "https://registry.npmjs.org/form-serialize/-/form-serialize-0.7.2.tgz",
      "integrity": "sha1-sKL/DCICb7bT0VydM/beakMuRzI="
    },
    "hi-base32": {
      "version": "0.5.1",
      "resolved": "https://registry.npmjs.org/hi-base32/-/hi-base32-0.5.1.tgz",
      "integrity": "sha512-EmBBpvdYh/4XxsnUybsPag6VikPYnN30td+vQk+GI3qpahVEG9+gTkG0aXVxTjBqQ5T6ijbWIu77O+C5WFWsnA=="
    },
    "isexe": {
      "version": "2.0.0",
      "resolved": "https://registry.npmjs.org/isexe/-/isexe-2.0.0.tgz",
      "integrity": "sha1-6PvzdNxVb/iUehDcsFctYz8s+hA=",
      "dev": true
    },
    "path-key": {
      "version": "3.1.1",
      "resolved": "https://registry.npmjs.org/path-key/-/path-key-3.1.1.tgz",
      "integrity": "sha512-ojmeN0qd+y0jszEtoY48r0Peq5dwMEkIlCOu6Q5f41lfkswXuKtYrhgoTpLnyIcHm24Uhqx+5Tqm2InSwLhE6Q==",
      "dev": true
    },
    "paypal-checkout": {
      "version": "4.0.328",
      "resolved": "https://registry.npmjs.org/paypal-checkout/-/paypal-checkout-4.0.328.tgz",
      "integrity": "sha512-IZ76b2CjBuAitY2apEBHzeWSGOO8FVUeCdeRivyZN2uiSVwRZKP5MNpsy74XysXNb/pRNBjd4mJbKw76/pNrpA==",
      "requires": {
        "@paypal/sdk-constants": "^1.0.64",
        "Base64": "^1.0.0",
        "beaver-logger": "^3.0.6",
        "belter": "^1.0.96",
        "bowser": "^1.7.1",
        "cross-domain-utils": "^2.0.1",
        "form-serialize": "^0.7.2",
        "hi-base32": "^0.5.0",
        "post-robot": "^8.0.0",
        "zalgo-promise": "^1.0.10",
        "zoid": "^6.0.67"
      }
    },
    "post-robot": {
      "version": "8.0.31",
      "resolved": "https://registry.npmjs.org/post-robot/-/post-robot-8.0.31.tgz",
      "integrity": "sha512-nUhtKgtmcgyuPm4RnIhUB3gsDYJBHOgFry3TvOxhIHpgfwYY/T69d4oB90tw4YUllFZUUwqLEv1Wgyg6eOoJ7A==",
      "requires": {
        "cross-domain-safe-weakmap": "^1.0.1",
        "cross-domain-utils": "^2.0.0",
        "zalgo-promise": "^1.0.3"
      }
    },
    "react-pure-render": {
      "version": "1.0.2",
      "resolved": "https://registry.npmjs.org/react-pure-render/-/react-pure-render-1.0.2.tgz",
      "integrity": "sha1-nYqSjH8sN1E8LQZOV7Pjw1bp+rs="
    },
    "shebang-command": {
      "version": "2.0.0",
      "resolved": "https://registry.npmjs.org/shebang-command/-/shebang-command-2.0.0.tgz",
      "integrity": "sha512-kHxr2zZpYtdmrN1qDjrrX/Z1rR1kG8Dx+gkpK1G4eXmvXswmcE1hTWBWYUzlraYw1/yZp6YuDY77YtvbN0dmDA==",
      "dev": true,
      "requires": {
        "shebang-regex": "^3.0.0"
      }
    },
    "shebang-regex": {
      "version": "3.0.0",
      "resolved": "https://registry.npmjs.org/shebang-regex/-/shebang-regex-3.0.0.tgz",
      "integrity": "sha512-7++dFhtcx3353uBaq8DDR4NuxBetBzC7ZQOhmTQInHEd6bSrXdiEyzCvG07Z44UYdLShWUyXt5M/yhz8ekcb1A==",
      "dev": true
    },
    "which": {
      "version": "2.0.2",
      "resolved": "https://registry.npmjs.org/which/-/which-2.0.2.tgz",
      "integrity": "sha512-BLI3Tl1TW3Pvl70l3yq3Y64i+awpwXqsGBYWkkqMtnbXgrMD+yj7rhW0kuEDxzJaYXGjEW5ogapKNMEKNMjibA==",
      "dev": true,
      "requires": {
        "isexe": "^2.0.0"
      }
    },
    "zalgo-promise": {
      "version": "1.0.46",
      "resolved": "https://registry.npmjs.org/zalgo-promise/-/zalgo-promise-1.0.46.tgz",
      "integrity": "sha512-tzPpQRqaQQavxl17TY98nznvmr+judUg3My7ugsUcRDbdqisYOE2z79HNNDgXnyX3eA0mf2bMOJrqHptt00npg=="
    },
    "zoid": {
      "version": "6.0.80",
      "resolved": "https://registry.npmjs.org/zoid/-/zoid-6.0.80.tgz",
      "integrity": "sha512-6hulO+7+lwnfFbC7XbJwzSIyp2tP2gteHpmdQeDjMtsx/cI1YzrhZQ5ZGl0VEofv/jQB9RZh/+gf8S3wC5U7ow==",
      "requires": {
        "beaver-logger": "^3.0.17",
        "belter": "^1.0.77",
        "cross-domain-safe-weakmap": "^1.0.22",
        "cross-domain-utils": "^2.0.16",
        "hi-base32": "^0.5.0",
        "post-robot": "^8.0.29",
        "zalgo-promise": "^1.0.34"
      }
    }
  }
}
